
Microsoft Visual Studio Solution File, Format Version 12.00
# Visual Studio Version 17
VisualStudioVersion = 17.7.34024.191
MinimumVisualStudioVersion = 10.0.40219.1
Project("{9A19103F-16F7-4668-BE54-9A1E7A4F7556}") = "BankSystemAssessment", "BankSystemAssessment\BankSystemAssessment.csproj", "{354BB3EF-D3E3-4A35-982D-69D5793938E4}"
EndProject
Project("{FAE04EC0-301F-11D3-BF4B-00C04F79EFBC}") = "BankSystemTestxNunit", "BankSystemTestxNunit\BankSystemTestxNunit.csproj", "{8FFB64F7-E599-46F9-8DA2-C75CE11C669C}"
EndProject
Global
	GlobalSection(SolutionConfigurationPlatforms) = preSolution
		Debug|Any CPU = Debug|Any CPU
		Release|Any CPU = Release|Any CPU
	EndGlobalSection
	GlobalSection(ProjectConfigurationPlatforms) = postSolution
		{354BB3EF-D3E3-4A35-982D-69D5793938E4}.Debug|Any CPU.ActiveCfg = Debug|Any CPU
		{354BB3EF-D3E3-4A35-982D-69D5793938E4}.Debug|Any CPU.Build.0 = Debug|Any CPU
		{354BB3EF-D3E3-4A35-982D-69D5793938E4}.Release|Any CPU.ActiveCfg = Release|Any CPU
		{354BB3EF-D3E3-4A35-982D-69D5793938E4}.Release|Any CPU.Build.0 = Release|Any CPU
		{8FFB64F7-E599-46F9-8DA2-C75CE11C669C}.Debug|Any CPU.ActiveCfg = Debug|Any CPU
		{8FFB64F7-E599-46F9-8DA2-C75CE11C669C}.Debug|Any CPU.Build.0 = Debug|Any CPU
		{8FFB64F7-E599-46F9-8DA2-C75CE11C669C}.Release|Any CPU.ActiveCfg = Release|Any CPU
		{8FFB64F7-E599-46F9-8DA2-C75CE11C669C}.Release|Any CPU.Build.0 = Release|Any CPU
	EndGlobalSection
	GlobalSection(SolutionProperties) = preSolution
		HideSolutionNode = FALSE
	EndGlobalSection
	GlobalSection(ExtensibilityGlobals) = postSolution
		SolutionGuid = {95BAA81F-215F-4B93-8B78-3ADEEC99C722}
	EndGlobalSection
EndGlobal
